Microsoft Visual Studio Solution File, Format Version 12.00
# Visual Studio Version 17
VisualStudioVersion = 17.5.2.0
MinimumVisualStudioVersion = 10.0.40219.1
Project("{FAE04EC0-301F-11D3-BF4B-00C04F79EFBC}") = "my-umbraco-site", "my-umbraco-site.csproj", "{C418FD78-8579-52A9-D546-E1F5C432E569}"
EndProject
Global
	GlobalSection(SolutionConfigurationPlatforms) = preSolution
		Debug|Any CPU = Debug|Any CPU
		Release|Any CPU = Release|Any CPU
	EndGlobalSection
	GlobalSection(ProjectConfigurationPlatforms) = postSolution
		{C418FD78-8579-52A9-D546-E1F5C432E569}.Debug|Any CPU.ActiveCfg = Debug|Any CPU
		{C418FD78-8579-52A9-D546-E1F5C432E569}.Debug|Any CPU.Build.0 = Debug|Any CPU
		{C418FD78-8579-52A9-D546-E1F5C432E569}.Release|Any CPU.ActiveCfg = Release|Any CPU
		{C418FD78-8579-52A9-D546-E1F5C432E569}.Release|Any CPU.Build.0 = Release|Any CPU
	EndGlobalSection
	GlobalSection(SolutionProperties) = preSolution
		HideSolutionNode = FALSE
	EndGlobalSection
	GlobalSection(ExtensibilityGlobals) = postSolution
		SolutionGuid = {D28DB87B-6158-4452-AAF7-CBD6C85921A2}
	EndGlobalSection
EndGlobal
